// !$*UTF8*$!
{
	archiveVersion = 1;
	classes = {
	};
	objectVersion = 56;
	objects = {

/* Begin PBXBuildFile section */
		DB3112962C0F689C00E4F704 /* Animation_LabApp.swift in Sources */ = {isa = PBXBuildFile; fileRef = DB3112952C0F689C00E4F704 /* Animation_LabApp.swift */; };
		DB3112982C0F689C00E4F704 /* ContentView.swift in Sources */ = {isa = PBXBuildFile; fileRef = DB3112972C0F689C00E4F704 /* ContentView.swift */; };
		DB31129A2C0F689E00E4F704 /* Assets.xcassets in Resources */ = {isa = PBXBuildFile; fileRef = DB3112992C0F689E00E4F704 /* Assets.xcassets */; };
		DB31129D2C0F689E00E4F704 /* Preview Assets.xcassets in Resources */ = {isa = PBXBuildFile; fileRef = DB31129C2C0F689E00E4F704 /* Preview Assets.xcassets */; };
		DB3112A72C0F689E00E4F704 /* Animation_LabTests.swift in Sources */ = {isa = PBXBuildFile; fileRef = DB3112A62C0F689E00E4F704 /* Animation_LabTests.swift */; };
		DB3112B12C0F689E00E4F704 /* Animation_LabUITests.swift in Sources */ = {isa = PBXBuildFile; fileRef = DB3112B02C0F689E00E4F704 /* Animation_LabUITests.swift */; };
		DB3112B32C0F689E00E4F704 /* Animation_LabUITestsLaunchTests.swift in Sources */ = {isa = PBXBuildFile; fileRef = DB3112B22C0F689E00E4F704 /* Animation_LabUITestsLaunchTests.swift */; };
/* End PBXBuildFile section */

/* Begin PBXContainerItemProxy section */
		DB3112A32C0F689E00E4F704 /* PBXContainerItemProxy */ = {
			isa = PBXContainerItemProxy;
			containerPortal = DB31128A2C0F689C00E4F704 /* Project object */;
			proxyType = 1;
			remoteGlobalIDString = DB3112912C0F689C00E4F704;
			remoteInfo = "Animation-Lab";
		};
		DB3112AD2C0F689E00E4F704 /* PBXContainerItemProxy */ = {
			isa = PBXContainerItemProxy;
			containerPortal = DB31128A2C0F689C00E4F704 /* Project object */;
			proxyType = 1;
			remoteGlobalIDString = DB3112912C0F689C00E4F704;
			remoteInfo = "Animation-Lab";
		};
/* End PBXContainerItemProxy section */

/* Begin PBXFileReference section */
		DB3112922C0F689C00E4F704 /* Animation-Lab.app */ = {isa = PBXFileReference; explicitFileType = wrapper.application; includeInIndex = 0; path = "Animation-Lab.app"; sourceTree = BUILT_PRODUCTS_DIR; };
		DB3112952C0F689C00E4F704 /* Animation_LabApp.swift */ = {isa = PBXFileReference; lastKnownFileType = sourcecode.swift; path = Animation_LabApp.swift; sourceTree = "<group>"; };
		DB3112972C0F689C00E4F704 /* ContentView.swift */ = {isa = PBXFileReference; lastKnownFileType = sourcecode.swift; path = ContentView.swift; sourceTree = "<group>"; usesTabs = 0; };
		DB3112992C0F689E00E4F704 /* Assets.xcassets */ = {isa = PBXFileReference; lastKnownFileType = folder.assetcatalog; path = Assets.xcassets; sourceTree = "<group>"; };
		DB31129C2C0F689E00E4F704 /* Preview Assets.xcassets */ = {isa = PBXFileReference; lastKnownFileType = folder.assetcatalog; path = "Preview Assets.xcassets"; sourceTree = "<group>"; };
		DB3112A22C0F689E00E4F704 /* Animation-LabTests.xctest */ = {isa = PBXFileReference; explicitFileType = wrapper.cfbundle; includeInIndex = 0; path = "Animation-LabTests.xctest"; sourceTree = BUILT_PRODUCTS_DIR; };
		DB3112A62C0F689E00E4F704 /* Animation_LabTests.swift */ = {isa = PBXFileReference; lastKnownFileType = sourcecode.swift; path = Animation_LabTests.swift; sourceTree = "<group>"; };
		DB3112AC2C0F689E00E4F704 /* Animation-LabUITests.xctest */ = {isa = PBXFileReference; explicitFileType = wrapper.cfbundle; includeInIndex = 0; path = "Animation-LabUITests.xctest"; sourceTree = BUILT_PRODUCTS_DIR; };
		DB3112B02C0F689E00E4F704 /* Animation_LabUITests.swift */ = {isa = PBXFileReference; lastKnownFileType = sourcecode.swift; path = Animation_LabUITests.swift; sourceTree = "<group>"; };
		DB3112B22C0F689E00E4F704 /* Animation_LabUITestsLaunchTests.swift */ = {isa = PBXFileReference; lastKnownFileType = sourcecode.swift; path = Animation_LabUITestsLaunchTests.swift; sourceTree = "<group>"; };
/* End PBXFileReference section */

/* Begin PBXFrameworksBuildPhase section */
		DB31128F2C0F689C00E4F704 /* Frameworks */ = {
			isa = PBXFrameworksBuildPhase;
			buildActionMask = 2147483647;
			files = (
			);
			runOnlyForDeploymentPostprocessing = 0;
		};
		DB31129F2C0F689E00E4F704 /* Frameworks */ = {
			isa = PBXFrameworksBuildPhase;
			buildActionMask = 2147483647;
			files = (
			);
			runOnlyForDeploymentPostprocessing = 0;
		};
		DB3112A92C0F689E00E4F704 /* Frameworks */ = {
			isa = PBXFrameworksBuildPhase;
			buildActionMask = 2147483647;
			files = (
			);
			runOnlyForDeploymentPostprocessing = 0;
		};
/* End PBXFrameworksBuildPhase section */

/* Begin PBXGroup section */
		DB3112892C0F689C00E4F704 = {
			isa = PBXGroup;
			children = (
				DB3112942C0F689C00E4F704 /* Animation-Lab */,
				DB3112A52C0F689E00E4F704 /* Animation-LabTests */,
				DB3112AF2C0F689E00E4F704 /* Animation-LabUITests */,
				DB3112932C0F689C00E4F704 /* Products */,
			);
			sourceTree = "<group>";
		};
		DB3112932C0F689C00E4F704 /* Products */ = {
			isa = PBXGroup;
			children = (
				DB3112922C0F689C00E4F704 /* Animation-Lab.app */,
				DB3112A22C0F689E00E4F704 /* Animation-LabTests.xctest */,
				DB3112AC2C0F689E00E4F704 /* Animation-LabUITests.xctest */,
			);
			name = Products;
			sourceTree = "<group>";
		};
		DB3112942C0F689C00E4F704 /* Animation-Lab */ = {
			isa = PBXGroup;
			children = (
				DB3112952C0F689C00E4F704 /* Animation_LabApp.swift */,
				DB3112972C0F689C00E4F704 /* ContentView.swift */,
				DB3112992C0F689E00E4F704 /* Assets.xcassets */,
				DB31129B2C0F689E00E4F704 /* Preview Content */,
			);
			path = "Animation-Lab";
			sourceTree = "<group>";
		};
		DB31129B2C0F689E00E4F704 /* Preview Content */ = {
			isa = PBXGroup;
			children = (
				DB31129C2C0F689E00E4F704 /* Preview Assets.xcassets */,
			);
			path = "Preview Content";
			sourceTree = "<group>";
		};
		DB3112A52C0F689E00E4F704 /* Animation-LabTests */ = {
			isa = PBXGroup;
			children = (
				DB3112A62C0F689E00E4F704 /* Animation_LabTests.swift */,
			);
			path = "Animation-LabTests";
			sourceTree = "<group>";
		};
		DB3112AF2C0F689E00E4F704 /* Animation-LabUITests */ = {
			isa = PBXGroup;
			children = (
				DB3112B02C0F689E00E4F704 /* Animation_LabUITests.swift */,
				DB3112B22C0F689E00E4F704 /* Animation_LabUITestsLaunchTests.swift */,
			);
			path = "Animation-LabUITests";
			sourceTree = "<group>";
		};
/* End PBXGroup section */

/* Begin PBXNativeTarget section */
		DB3112912C0F689C00E4F704 /* Animation-Lab */ = {
			isa = PBXNativeTarget;
			buildConfigurationList = DB3112B62C0F689E00E4F704 /* Build configuration list for PBXNativeTarget "Animation-Lab" */;
			buildPhases = (
				DB31128E2C0F689C00E4F704 /* Sources */,
				DB31128F2C0F689C00E4F704 /* Frameworks */,
				DB3112902C0F689C00E4F704 /* Resources */,
			);
			buildRules = (
			);
			dependencies = (
			);
			name = "Animation-Lab";
			productName = "Animation-Lab";
			productReference = DB3112922C0F689C00E4F704 /* Animation-Lab.app */;
			productType = "com.apple.product-type.application";
		};
		DB3112A12C0F689E00E4F704 /* Animation-LabTests */ = {
			isa = PBXNativeTarget;
			buildConfigurationList = DB3112B92C0F689E00E4F704 /* Build configuration list for PBXNativeTarget "Animation-LabTests" */;
			buildPhases = (
				DB31129E2C0F689E00E4F704 /* Sources */,
				DB31129F2C0F689E00E4F704 /* Frameworks */,
				DB3112A02C0F689E00E4F704 /* Resources */,
			);
			buildRules = (
			);
			dependencies = (
				DB3112A42C0F689E00E4F704 /* PBXTargetDependency */,
			);
			name = "Animation-LabTests";
			productName = "Animation-LabTests";
			productReference = DB3112A22C0F689E00E4F704 /* Animation-LabTests.xctest */;
			productType = "com.apple.product-type.bundle.unit-test";
		};
		DB3112AB2C0F689E00E4F704 /* Animation-LabUITests */ = {
			isa = PBXNativeTarget;
			buildConfigurationList = DB3112BC2C0F689E00E4F704 /* Build configuration list for PBXNativeTarget "Animation-LabUITests" */;
			buildPhases = (
				DB3112A82C0F689E00E4F704 /* Sources */,
				DB3112A92C0F689E00E4F704 /* Frameworks */,
				DB3112AA2C0F689E00E4F704 /* Resources */,
			);
			buildRules = (
			);
			dependencies = (
				DB3112AE2C0F689E00E4F704 /* PBXTargetDependency */,
			);
			name = "Animation-LabUITests";
			productName = "Animation-LabUITests";
			productReference = DB3112AC2C0F689E00E4F704 /* Animation-LabUITests.xctest */;
			productType = "com.apple.product-type.bundle.ui-testing";
		};
/* End PBXNativeTarget section */

/* Begin PBXProject section */
		DB31128A2C0F689C00E4F704 /* Project object */ = {
			isa = PBXProject;
			attributes = {
				BuildIndependentTargetsInParallel = 1;
				LastSwiftUpdateCheck = 1540;
				LastUpgradeCheck = 1540;
				TargetAttributes = {
					DB3112912C0F689C00E4F704 = {
						CreatedOnToolsVersion = 15.4;
					};
					DB3112A12C0F689E00E4F704 = {
						CreatedOnToolsVersion = 15.4;
						TestTargetID = DB3112912C0F689C00E4F704;
					};
					DB3112AB2C0F689E00E4F704 = {
						CreatedOnToolsVersion = 15.4;
						TestTargetID = DB3112912C0F689C00E4F704;
					};
				};
			};
			buildConfigurationList = DB31128D2C0F689C00E4F704 /* Build configuration list for PBXProject "Animation-Lab" */;
			compatibilityVersion = "Xcode 14.0";
			developmentRegion = en;
			hasScannedForEncodings = 0;
			knownRegions = (
				en,
				Base,
			);
			mainGroup = DB3112892C0F689C00E4F704;
			productRefGroup = DB3112932C0F689C00E4F704 /* Products */;
			projectDirPath = "";
			projectRoot = "";
			targets = (
				DB3112912C0F689C00E4F704 /* Animation-Lab */,
				DB3112A12C0F689E00E4F704 /* Animation-LabTests */,
				DB3112AB2C0F689E00E4F704 /* Animation-LabUITests */,
			);
		};
/* End PBXProject section */

/* Begin PBXResourcesBuildPhase section */
		DB3112902C0F689C00E4F704 /* Resources */ = {
			isa = PBXResourcesBuildPhase;
			buildActionMask = 2147483647;
			files = (
				DB31129D2C0F689E00E4F704 /* Preview Assets.xcassets in Resources */,
				DB31129A2C0F689E00E4F704 /* Assets.xcassets in Resources */,
			);
			runOnlyForDeploymentPostprocessing = 0;
		};
		DB3112A02C0F689E00E4F704 /* Resources */ = {
			isa = PBXResourcesBuildPhase;
			buildActionMask = 2147483647;
			files = (
			);
			runOnlyForDeploymentPostprocessing = 0;
		};
		DB3112AA2C0F689E00E4F704 /* Resources */ = {
			isa = PBXResourcesBuildPhase;
			buildActionMask = 2147483647;
			files = (
			);
			runOnlyForDeploymentPostprocessing = 0;
		};
/* End PBXResourcesBuildPhase section */

/* Begin PBXSourcesBuildPhase section */
		DB31128E2C0F689C00E4F704 /* Sources */ = {
			isa = PBXSourcesBuildPhase;
			buildActionMask = 2147483647;
			files = (
				DB3112982C0F689C00E4F704 /* ContentView.swift in Sources */,
				DB3112962C0F689C00E4F704 /* Animation_LabApp.swift in Sources */,
			);
			runOnlyForDeploymentPostprocessing = 0;
		};
		DB31129E2C0F689E00E4F704 /* Sources */ = {
			isa = PBXSourcesBuildPhase;
			buildActionMask = 2147483647;
			files = (
				DB3112A72C0F689E00E4F704 /* Animation_LabTests.swift in Sources */,
			);
			runOnlyForDeploymentPostprocessing = 0;
		};
		DB3112A82C0F689E00E4F704 /* Sources */ = {
			isa = PBXSourcesBuildPhase;
			buildActionMask = 2147483647;
			files = (
				DB3112B12C0F689E00E4F704 /* Animation_LabUITests.swift in Sources */,
				DB3112B32C0F689E00E4F704 /* Animation_LabUITestsLaunchTests.swift in Sources */,
			);
			runOnlyForDeploymentPostprocessing = 0;
		};
/* End PBXSourcesBuildPhase section */

/* Begin PBXTargetDependency section */
		DB3112A42C0F689E00E4F704 /* PBXTargetDependency */ = {
			isa = PBXTargetDependency;
			target = DB3112912C0F689C00E4F704 /* Animation-Lab */;
			targetProxy = DB3112A32C0F689E00E4F704 /* PBXContainerItemProxy */;
		};
		DB3112AE2C0F689E00E4F704 /* PBXTargetDependency */ = {
			isa = PBXTargetDependency;
			target = DB3112912C0F689C00E4F704 /* Animation-Lab */;
			targetProxy = DB3112AD2C0F689E00E4F704 /* PBXContainerItemProxy */;
		};
/* End PBXTargetDependency section */

/* Begin XCBuildConfiguration section */
		DB3112B42C0F689E00E4F704 /* Debug */ = {
			isa = XCBuildConfiguration;
			buildSettings = {
				ALWAYS_SEARCH_USER_PATHS = NO;
				ASSETCATALOG_COMPILER_GENERATE_SWIFT_ASSET_SYMBOL_EXTENSIONS = YES;
				CLANG_ANALYZER_NONNULL = YES;
				CLANG_ANALYZER_NUMBER_OBJECT_CONVERSION = YES_AGGRESSIVE;
				CLANG_CXX_LANGUAGE_STANDARD = "gnu++20";
				CLANG_ENABLE_MODULES = YES;
				CLANG_ENABLE_OBJC_ARC = YES;
				CLANG_ENABLE_OBJC_WEAK = YES;
				CLANG_WARN_BLOCK_CAPTURE_AUTORELEASING = YES;
				CLANG_WARN_BOOL_CONVERSION = YES;
				CLANG_WARN_COMMA = YES;
				CLANG_WARN_CONSTANT_CONVERSION = YES;
				CLANG_WARN_DEPRECATED_OBJC_IMPLEMENTATIONS = YES;
				CLANG_WARN_DIRECT_OBJC_ISA_USAGE = YES_ERROR;
				CLANG_WARN_DOCUMENTATION_COMMENTS = YES;
				CLANG_WARN_EMPTY_BODY = YES;
				CLANG_WARN_ENUM_CONVERSION = YES;
				CLANG_WARN_INFINITE_RECURSION = YES;
				CLANG_WARN_INT_CONVERSION = YES;
				CLANG_WARN_NON_LITERAL_NULL_CONVERSION = YES;
				CLANG_WARN_OBJC_IMPLICIT_RETAIN_SELF = YES;
				CLANG_WARN_OBJC_LITERAL_CONVERSION = YES;
				CLANG_WARN_OBJC_ROOT_CLASS = YES_ERROR;
				CLANG_WARN_QUOTED_INCLUDE_IN_FRAMEWORK_HEADER = YES;
				CLANG_WARN_RANGE_LOOP_ANALYSIS = YES;
				CLANG_WARN_STRICT_PROTOTYPES = YES;
				CLANG_WARN_SUSPICIOUS_MOVE = YES;
				CLANG_WARN_UNGUARDED_AVAILABILITY = YES_AGGRESSIVE;
				CLANG_WARN_UNREACHABLE_CODE = YES;
				CLANG_WARN__DUPLICATE_METHOD_MATCH = YES;
				COPY_PHASE_STRIP = NO;
				DEBUG_INFORMATION_FORMAT = dwarf;
				ENABLE_STRICT_OBJC_MSGSEND = YES;
				ENABLE_TESTABILITY = YES;
				ENABLE_USER_SCRIPT_SANDBOXING = YES;
				GCC_C_LANGUAGE_STANDARD = gnu17;
				GCC_DYNAMIC_NO_PIC = NO;
				GCC_NO_COMMON_BLOCKS = YES;
				GCC_OPTIMIZATION_LEVEL = 0;
				GCC_PREPROCESSOR_DEFINITIONS = (
					"DEBUG=1",
					"$(inherited)",
				);
				GCC_WARN_64_TO_32_BIT_CONVERSION = YES;
				GCC_WARN_ABOUT_RETURN_TYPE = YES_ERROR;
				GCC_WARN_UNDECLARED_SELECTOR = YES;
				GCC_WARN_UNINITIALIZED_AUTOS = YES_AGGRESSIVE;
				GCC_WARN_UNUSED_FUNCTION = YES;
				GCC_WARN_UNUSED_VARIABLE = YES;
				IPHONEOS_DEPLOYMENT_TARGET = 17.5;
				LOCALIZATION_PREFERS_STRING_CATALOGS = YES;
				MTL_ENABLE_DEBUG_INFO = INCLUDE_SOURCE;
				MTL_FAST_MATH = YES;
				ONLY_ACTIVE_ARCH = YES;
				SDKROOT = iphoneos;
				SWIFT_ACTIVE_COMPILATION_CONDITIONS = "DEBUG $(inherited)";
				SWIFT_OPTIMIZATION_LEVEL = "-Onone";
			};
			name = Debug;
		};
		DB3112B52C0F689E00E4F704 /* Release */ = {
			isa = XCBuildConfiguration;
			buildSettings = {
				ALWAYS_SEARCH_USER_PATHS = NO;
				ASSETCATALOG_COMPILER_GENERATE_SWIFT_ASSET_SYMBOL_EXTENSIONS = YES;
				CLANG_ANALYZER_NONNULL = YES;
				CLANG_ANALYZER_NUMBER_OBJECT_CONVERSION = YES_AGGRESSIVE;
				CLANG_CXX_LANGUAGE_STANDARD = "gnu++20";
				CLANG_ENABLE_MODULES = YES;
				CLANG_ENABLE_OBJC_ARC = YES;
				CLANG_ENABLE_OBJC_WEAK = YES;
				CLANG_WARN_BLOCK_CAPTURE_AUTORELEASING = YES;
				CLANG_WARN_BOOL_CONVERSION = YES;
				CLANG_WARN_COMMA = YES;
				CLANG_WARN_CONSTANT_CONVERSION = YES;
				CLANG_WARN_DEPRECATED_OBJC_IMPLEMENTATIONS = YES;
				CLANG_WARN_DIRECT_OBJC_ISA_USAGE = YES_ERROR;
				CLANG_WARN_DOCUMENTATION_COMMENTS = YES;
				CLANG_WARN_EMPTY_BODY = YES;
				CLANG_WARN_ENUM_CONVERSION = YES;
				CLANG_WARN_INFINITE_RECURSION = YES;
				CLANG_WARN_INT_CONVERSION = YES;
				CLANG_WARN_NON_LITERAL_NULL_CONVERSION = YES;
				CLANG_WARN_OBJC_IMPLICIT_RETAIN_SELF = YES;
				CLANG_WARN_OBJC_LITERAL_CONVERSION = YES;
				CLANG_WARN_OBJC_ROOT_CLASS = YES_ERROR;
				CLANG_WARN_QUOTED_INCLUDE_IN_FRAMEWORK_HEADER = YES;
				CLANG_WARN_RANGE_LOOP_ANALYSIS = YES;
				CLANG_WARN_STRICT_PROTOTYPES = YES;
				CLANG_WARN_SUSPICIOUS_MOVE = YES;
				CLANG_WARN_UNGUARDED_AVAILABILITY = YES_AGGRESSIVE;
				CLANG_WARN_UNREACHABLE_CODE = YES;
				CLANG_WARN__DUPLICATE_METHOD_MATCH = YES;
				COPY_PHASE_STRIP = NO;
				DEBUG_INFORMATION_FORMAT = "dwarf-with-dsym";
				ENABLE_NS_ASSERTIONS = NO;
				ENABLE_STRICT_OBJC_MSGSEND = YES;
				ENABLE_USER_SCRIPT_SANDBOXING = YES;
				GCC_C_LANGUAGE_STANDARD = gnu17;
				GCC_NO_COMMON_BLOCKS = YES;
				GCC_WARN_64_TO_32_BIT_CONVERSION = YES;
				GCC_WARN_ABOUT_RETURN_TYPE = YES_ERROR;
				GCC_WARN_UNDECLARED_SELECTOR = YES;
				GCC_WARN_UNINITIALIZED_AUTOS = YES_AGGRESSIVE;
				GCC_WARN_UNUSED_FUNCTION = YES;
				GCC_WARN_UNUSED_VARIABLE = YES;
				IPHONEOS_DEPLOYMENT_TARGET = 17.5;
				LOCALIZATION_PREFERS_STRING_CATALOGS = YES;
				MTL_ENABLE_DEBUG_INFO = NO;
				MTL_FAST_MATH = YES;
				SDKROOT = iphoneos;
				SWIFT_COMPILATION_MODE = wholemodule;
				VALIDATE_PRODUCT = YES;
			};
			name = Release;
		};
		DB3112B72C0F689E00E4F704 /* Debug */ = {
			isa = XCBuildConfiguration;
			buildSettings = {
				ASSETCATALOG_COMPILER_APPICON_NAME = AppIcon;
				ASSETCATALOG_COMPILER_GLOBAL_ACCENT_COLOR_NAME = AccentColor;
				CODE_SIGN_STYLE = Automatic;
				CURRENT_PROJECT_VERSION = 1;
				DEVELOPMENT_ASSET_PATHS = "\"Animation-Lab/Preview Content\"";
				DEVELOPMENT_TEAM = ZQ9LR78J46;
				ENABLE_PREVIEWS = YES;
				GENERATE_INFOPLIST_FILE = YES;
				INFOPLIST_KEY_UIApplicationSceneManifest_Generation = YES;
				INFOPLIST_KEY_UIApplicationSupportsIndirectInputEvents = YES;
				INFOPLIST_KEY_UILaunchScreen_Generation = YES;
				INFOPLIST_KEY_UISupportedInterfaceOrientations_iPad = "UIInterfaceOrientationPortrait UIInterfaceOrientationPortraitUpsideDown UIInterfaceOrientationLandscapeLeft UIInterfaceOrientationLandscapeRight";
				INFOPLIST_KEY_UISupportedInterfaceOrientations_iPhone = "UIInterfaceOrientationPortrait UIInterfaceOrientationLandscapeLeft UIInterfaceOrientationLandscapeRight";
				LD_RUNPATH_SEARCH_PATHS = (
					"$(inherited)",
					"@executable_path/Frameworks",
				);
				MARKETING_VERSION = 1.0;
				PRODUCT_BUNDLE_IDENTIFIER = "com.Cesar.Animation-Lab";
				PRODUCT_NAME = "$(TARGET_NAME)";
				SWIFT_EMIT_LOC_STRINGS = YES;
				SWIFT_VERSION = 5.0;
				TARGETED_DEVICE_FAMILY = "1,2";
			};
			name = Debug;
		};
		DB3112B82C0F689E00E4F704 /* Release */ = {
			isa = XCBuildConfiguration;
			buildSettings = {
				ASSETCATALOG_COMPILER_APPICON_NAME = AppIcon;
				ASSETCATALOG_COMPILER_GLOBAL_ACCENT_COLOR_NAME = AccentColor;
				CODE_SIGN_STYLE = Automatic;
				CURRENT_PROJECT_VERSION = 1;
				DEVELOPMENT_ASSET_PATHS = "\"Animation-Lab/Preview Content\"";
				DEVELOPMENT_TEAM = ZQ9LR78J46;
				ENABLE_PREVIEWS = YES;
				GENERATE_INFOPLIST_FILE = YES;
				INFOPLIST_KEY_UIApplicationSceneManifest_Generation = YES;
				INFOPLIST_KEY_UIApplicationSupportsIndirectInputEvents = YES;
				INFOPLIST_KEY_UILaunchScreen_Generation = YES;
				INFOPLIST_KEY_UISupportedInterfaceOrientations_iPad = "UIInterfaceOrientationPortrait UIInterfaceOrientationPortraitUpsideDown UIInterfaceOrientationLandscapeLeft UIInterfaceOrientationLandscapeRight";
				INFOPLIST_KEY_UISupportedInterfaceOrientations_iPhone = "UIInterfaceOrientationPortrait UIInterfaceOrientationLandscapeLeft UIInterfaceOrientationLandscapeRight";
				LD_RUNPATH_SEARCH_PATHS = (
					"$(inherited)",
					"@executable_path/Frameworks",
				);
				MARKETING_VERSION = 1.0;
				PRODUCT_BUNDLE_IDENTIFIER = "com.Cesar.Animation-Lab";
				PRODUCT_NAME = "$(TARGET_NAME)";
				SWIFT_EMIT_LOC_STRINGS = YES;
				SWIFT_VERSION = 5.0;
				TARGETED_DEVICE_FAMILY = "1,2";
			};
			name = Release;
		};
		DB3112BA2C0F689E00E4F704 /* Debug */ = {
			isa = XCBuildConfiguration;
			buildSettings = {
				ALWAYS_EMBED_SWIFT_STANDARD_LIBRARIES = YES;
				BUNDLE_LOADER = "$(TEST_HOST)";
				CODE_SIGN_STYLE = Automatic;
				CURRENT_PROJECT_VERSION = 1;
				DEVELOPMENT_TEAM = ZQ9LR78J46;
				GENERATE_INFOPLIST_FILE = YES;
				IPHONEOS_DEPLOYMENT_TARGET = 17.5;
				MARKETING_VERSION = 1.0;
				PRODUCT_BUNDLE_IDENTIFIER = "com.Cesar.Animation-LabTests";
				PRODUCT_NAME = "$(TARGET_NAME)";
				SWIFT_EMIT_LOC_STRINGS = NO;
				SWIFT_VERSION = 5.0;
				TARGETED_DEVICE_FAMILY = "1,2";
				TEST_HOST = "$(BUILT_PRODUCTS_DIR)/Animation-Lab.app/$(BUNDLE_EXECUTABLE_FOLDER_PATH)/Animation-Lab";
			};
			name = Debug;
		};
		DB3112BB2C0F689E00E4F704 /* Release */ = {
			isa = XCBuildConfiguration;
			buildSettings = {
				ALWAYS_EMBED_SWIFT_STANDARD_LIBRARIES = YES;
				BUNDLE_LOADER = "$(TEST_HOST)";
				CODE_SIGN_STYLE = Automatic;
				CURRENT_PROJECT_VERSION = 1;
				DEVELOPMENT_TEAM = ZQ9LR78J46;
				GENERATE_INFOPLIST_FILE = YES;
				IPHONEOS_DEPLOYMENT_TARGET = 17.5;
				MARKETING_VERSION = 1.0;
				PRODUCT_BUNDLE_IDENTIFIER = "com.Cesar.Animation-LabTests";
				PRODUCT_NAME = "$(TARGET_NAME)";
				SWIFT_EMIT_LOC_STRINGS = NO;
				SWIFT_VERSION = 5.0;
				TARGETED_DEVICE_FAMILY = "1,2";
				TEST_HOST = "$(BUILT_PRODUCTS_DIR)/Animation-Lab.app/$(BUNDLE_EXECUTABLE_FOLDER_PATH)/Animation-Lab";
			};
			name = Release;
		};
		DB3112BD2C0F689E00E4F704 /* Debug */ = {
			isa = XCBuildConfiguration;
			buildSettings = {
				ALWAYS_EMBED_SWIFT_STANDARD_LIBRARIES = YES;
				CODE_SIGN_STYLE = Automatic;
				CURRENT_PROJECT_VERSION = 1;
				DEVELOPMENT_TEAM = ZQ9LR78J46;
				GENERATE_INFOPLIST_FILE = YES;
				MARKETING_VERSION = 1.0;
				PRODUCT_BUNDLE_IDENTIFIER = "com.Cesar.Animation-LabUITests";
				PRODUCT_NAME = "$(TARGET_NAME)";
				SWIFT_EMIT_LOC_STRINGS = NO;
				SWIFT_VERSION = 5.0;
				TARGETED_DEVICE_FAMILY = "1,2";
				TEST_TARGET_NAME = "Animation-Lab";
			};
			name = Debug;
		};
		DB3112BE2C0F689E00E4F704 /* Release */ = {
			isa = XCBuildConfiguration;
			buildSettings = {
				ALWAYS_EMBED_SWIFT_STANDARD_LIBRARIES = YES;
				CODE_SIGN_STYLE = Automatic;
				CURRENT_PROJECT_VERSION = 1;
				DEVELOPMENT_TEAM = ZQ9LR78J46;
				GENERATE_INFOPLIST_FILE = YES;
				MARKETING_VERSION = 1.0;
				PRODUCT_BUNDLE_IDENTIFIER = "com.Cesar.Animation-LabUITests";
				PRODUCT_NAME = "$(TARGET_NAME)";
				SWIFT_EMIT_LOC_STRINGS = NO;
				SWIFT_VERSION = 5.0;
				TARGETED_DEVICE_FAMILY = "1,2";
				TEST_TARGET_NAME = "Animation-Lab";
			};
			name = Release;
		};
/* End XCBuildConfiguration section */

/* Begin XCConfigurationList section */
		DB31128D2C0F689C00E4F704 /* Build configuration list for PBXProject "Animation-Lab" */ = {
			isa = XCConfigurationList;
			buildConfigurations = (
				DB3112B42C0F689E00E4F704 /* Debug */,
				DB3112B52C0F689E00E4F704 /* Release */,
			);
			defaultConfigurationIsVisible = 0;
			defaultConfigurationName = Release;
		};
		DB3112B62C0F689E00E4F704 /* Build configuration list for PBXNativeTarget "Animation-Lab" */ = {
			isa = XCConfigurationList;
			buildConfigurations = (
				DB3112B72C0F689E00E4F704 /* Debug */,
				DB3112B82C0F689E00E4F704 /* Release */,
			);
			defaultConfigurationIsVisible = 0;
			defaultConfigurationName = Release;
		};
		DB3112B92C0F689E00E4F704 /* Build configuration list for PBXNativeTarget "Animation-LabTests" */ = {
			isa = XCConfigurationList;
			buildConfigurations = (
				DB3112BA2C0F689E00E4F704 /* Debug */,
				DB3112BB2C0F689E00E4F704 /* Release */,
			);
			defaultConfigurationIsVisible = 0;
			defaultConfigurationName = Release;
		};
		DB3112BC2C0F689E00E4F704 /* Build configuration list for PBXNativeTarget "Animation-LabUITests" */ = {
			isa = XCConfigurationList;
			buildConfigurations = (
				DB3112BD2C0F689E00E4F704 /* Debug */,
				DB3112BE2C0F689E00E4F704 /* Release */,
			);
			defaultConfigurationIsVisible = 0;
			defaultConfigurationName = Release;
		};
/* End XCConfigurationList section */
	};
	rootObject = DB31128A2C0F689C00E4F704 /* Project object */;
}
